PODS:
  - Erik (5.0.0):
    - Erik/Core (= 5.0.0)
    - Kanna
  - Erik/Core (5.0.0):
    - Kanna
  - Kanna (5.0.0)

DEPENDENCIES:
  - Erik

SPEC REPOS:
  trunk:
    - Erik
    - Kanna

SPEC CHECKSUMS:
  Erik: 660e6bc7fe68a0c17e0f50142ae2d8168426c22e
  Kanna: a32875df62975f8f4b871e933b4ea1a5c3b8be0f

PODFILE CHECKSUM: 835bedf01af6a7fe79b110441ddef2d5131de713

COCOAPODS: 1.9.0.beta.2
